
Microsoft Visual Studio Solution File, Format Version 12.00
# Visual Studio 15
VisualStudioVersion = 15.0.28010.2050
MinimumVisualStudioVersion = 10.0.40219.1
Project("{FAE04EC0-301F-11D3-BF4B-00C04F79EFBC}") = "SC4Cartographer", "SC4Cartographer\SC4Cartographer.csproj", "{7DC4EA4D-6F84-44C6-9985-EF38CDA84E48}"
EndProject
Global
	GlobalSection(SolutionConfigurationPlatforms) = preSolution
		Debug|Any CPU = Debug|Any CPU
		Release|Any CPU = Release|Any CPU
	EndGlobalSection
	GlobalSection(ProjectConfigurationPlatforms) = postSolution
		{7DC4EA4D-6F84-44C6-9985-EF38CDA84E48}.Debug|Any CPU.ActiveCfg = Debug|Any CPU
		{7DC4EA4D-6F84-44C6-9985-EF38CDA84E48}.Debug|Any CPU.Build.0 = Debug|Any CPU
		{7DC4EA4D-6F84-44C6-9985-EF38CDA84E48}.Release|Any CPU.ActiveCfg = Release|Any CPU
		{7DC4EA4D-6F84-44C6-9985-EF38CDA84E48}.Release|Any CPU.Build.0 = Release|Any CPU
	EndGlobalSection
	GlobalSection(SolutionProperties) = preSolution
		HideSolutionNode = FALSE
	EndGlobalSection
	GlobalSection(ExtensibilityGlobals) = postSolution
		SolutionGuid = {D1D8702D-2525-4682-8902-39C7F20EAC1F}
	EndGlobalSection
EndGlobal
